
Microsoft Visual Studio Solution File, Format Version 12.00
# Visual Studio Version 16
VisualStudioVersion = 16.0.32126.315
MinimumVisualStudioVersion = 10.0.40219.1
Project("{FAE04EC0-301F-11D3-BF4B-00C04F79EFBC}") = "OOPAndFiles", "OOPAndFiles\OOPAndFiles.csproj", "{C5CDA7FB-B8D1-4907-935E-3D2EBE92E3F4}"
EndProject
Project("{FAE04EC0-301F-11D3-BF4B-00C04F79EFBC}") = "Frozen", "Frozen\Frozen.csproj", "{953685B3-CF50-4AE3-B7A0-275C80A7C03C}"
EndProject
Global
	GlobalSection(SolutionConfigurationPlatforms) = preSolution
		Debug|Any CPU = Debug|Any CPU
		Release|Any CPU = Release|Any CPU
	EndGlobalSection
	GlobalSection(ProjectConfigurationPlatforms) = postSolution
		{C5CDA7FB-B8D1-4907-935E-3D2EBE92E3F4}.Debug|Any CPU.ActiveCfg = Debug|Any CPU
		{C5CDA7FB-B8D1-4907-935E-3D2EBE92E3F4}.Debug|Any CPU.Build.0 = Debug|Any CPU
		{C5CDA7FB-B8D1-4907-935E-3D2EBE92E3F4}.Release|Any CPU.ActiveCfg = Release|Any CPU
		{C5CDA7FB-B8D1-4907-935E-3D2EBE92E3F4}.Release|Any CPU.Build.0 = Release|Any CPU
		{953685B3-CF50-4AE3-B7A0-275C80A7C03C}.Debug|Any CPU.ActiveCfg = Debug|Any CPU
		{953685B3-CF50-4AE3-B7A0-275C80A7C03C}.Debug|Any CPU.Build.0 = Debug|Any CPU
		{953685B3-CF50-4AE3-B7A0-275C80A7C03C}.Release|Any CPU.ActiveCfg = Release|Any CPU
		{953685B3-CF50-4AE3-B7A0-275C80A7C03C}.Release|Any CPU.Build.0 = Release|Any CPU
	EndGlobalSection
	GlobalSection(SolutionProperties) = preSolution
		HideSolutionNode = FALSE
	EndGlobalSection
	GlobalSection(ExtensibilityGlobals) = postSolution
		SolutionGuid = {AE745E02-D713-4E93-A6D1-4B0F781FB5B4}
	EndGlobalSection
EndGlobal
